// !$*UTF8*$!
{
	archiveVersion = 1;
	classes = {
	};
	objectVersion = 46;
	objects = {

/* Begin PBXBuildFile section */
		A5AB1332195B10550062899B /* AppDelegate.swift in Sources */ = {isa = PBXBuildFile; fileRef = A5AB1331195B10540062899B /* AppDelegate.swift */; };
		A5AB1334195B10550062899B /* ViewController.swift in Sources */ = {isa = PBXBuildFile; fileRef = A5AB1333195B10550062899B /* ViewController.swift */; };
		A5AB1337195B10550062899B /* Main.storyboard in Resources */ = {isa = PBXBuildFile; fileRef = A5AB1335195B10550062899B /* Main.storyboard */; };
		A5AB1339195B10550062899B /* Images.xcassets in Resources */ = {isa = PBXBuildFile; fileRef = A5AB1338195B10550062899B /* Images.xcassets */; };
		A5AB1345195B10550062899B /* NotificationsforiOS8Tests.swift in Sources */ = {isa = PBXBuildFile; fileRef = A5AB1344195B10550062899B /* NotificationsforiOS8Tests.swift */; };
/* End PBXBuildFile section */

/* Begin PBXContainerItemProxy section */
		A5AB133F195B10550062899B /* PBXContainerItemProxy */ = {
			isa = PBXContainerItemProxy;
			containerPortal = A5AB1324195B10540062899B /* Project object */;
			proxyType = 1;
			remoteGlobalIDString = A5AB132B195B10540062899B;
			remoteInfo = NotificationsforiOS8;
		};
/* End PBXContainerItemProxy section */

/* Begin PBXFileReference section */
		A5AB132C195B10540062899B /* NotificationsforiOS8.app */ = {isa = PBXFileReference; explicitFileType = wrapper.application; includeInIndex = 0; path = NotificationsforiOS8.app; sourceTree = BUILT_PRODUCTS_DIR; };
		A5AB1330195B10540062899B /* Info.plist */ = {isa = PBXFileReference; lastKnownFileType = text.plist.xml; path = Info.plist; sourceTree = "<group>"; };
		A5AB1331195B10540062899B /* AppDelegate.swift */ = {isa = PBXFileReference; lastKnownFileType = sourcecode.swift; path = AppDelegate.swift; sourceTree = "<group>"; };
		A5AB1333195B10550062899B /* ViewController.swift */ = {isa = PBXFileReference; lastKnownFileType = sourcecode.swift; path = ViewController.swift; sourceTree = "<group>"; };
		A5AB1336195B10550062899B /* Base */ = {isa = PBXFileReference; lastKnownFileType = file.storyboard; name = Base; path = Base.lproj/Main.storyboard; sourceTree = "<group>"; };
		A5AB1338195B10550062899B /* Images.xcassets */ = {isa = PBXFileReference; lastKnownFileType = folder.assetcatalog; path = Images.xcassets; sourceTree = "<group>"; };
		A5AB133E195B10550062899B /* NotificationsforiOS8Tests.xctest */ = {isa = PBXFileReference; explicitFileType = wrapper.cfbundle; includeInIndex = 0; path = NotificationsforiOS8Tests.xctest; sourceTree = BUILT_PRODUCTS_DIR; };
		A5AB1343195B10550062899B /* Info.plist */ = {isa = PBXFileReference; lastKnownFileType = text.plist.xml; path = Info.plist; sourceTree = "<group>"; };
		A5AB1344195B10550062899B /* NotificationsforiOS8Tests.swift */ = {isa = PBXFileReference; lastKnownFileType = sourcecode.swift; path = NotificationsforiOS8Tests.swift; sourceTree = "<group>"; };
/* End PBXFileReference section */

/* Begin PBXFrameworksBuildPhase section */
		A5AB1329195B10540062899B /* Frameworks */ = {
			isa = PBXFrameworksBuildPhase;
			buildActionMask = 2147483647;
			files = (
			);
			runOnlyForDeploymentPostprocessing = 0;
		};
		A5AB133B195B10550062899B /* Frameworks */ = {
			isa = PBXFrameworksBuildPhase;
			buildActionMask = 2147483647;
			files = (
			);
			runOnlyForDeploymentPostprocessing = 0;
		};
/* End PBXFrameworksBuildPhase section */

/* Begin PBXGroup section */
		A5AB1323195B10540062899B = {
			isa = PBXGroup;
			children = (
				A5AB132E195B10540062899B /* NotificationsforiOS8 */,
				A5AB1341195B10550062899B /* NotificationsforiOS8Tests */,
				A5AB132D195B10540062899B /* Products */,
			);
			sourceTree = "<group>";
		};
		A5AB132D195B10540062899B /* Products */ = {
			isa = PBXGroup;
			children = (
				A5AB132C195B10540062899B /* NotificationsforiOS8.app */,
				A5AB133E195B10550062899B /* NotificationsforiOS8Tests.xctest */,
			);
			name = Products;
			sourceTree = "<group>";
		};
		A5AB132E195B10540062899B /* NotificationsforiOS8 */ = {
			isa = PBXGroup;
			children = (
				A5AB1331195B10540062899B /* AppDelegate.swift */,
				A5AB1333195B10550062899B /* ViewController.swift */,
				A5AB1335195B10550062899B /* Main.storyboard */,
				A5AB1338195B10550062899B /* Images.xcassets */,
				A5AB132F195B10540062899B /* Supporting Files */,
			);
			path = NotificationsforiOS8;
			sourceTree = "<group>";
		};
		A5AB132F195B10540062899B /* Supporting Files */ = {
			isa = PBXGroup;
			children = (
				A5AB1330195B10540062899B /* Info.plist */,
			);
			name = "Supporting Files";
			sourceTree = "<group>";
		};
		A5AB1341195B10550062899B /* NotificationsforiOS8Tests */ = {
			isa = PBXGroup;
			children = (
				A5AB1344195B10550062899B /* NotificationsforiOS8Tests.swift */,
				A5AB1342195B10550062899B /* Supporting Files */,
			);
			path = NotificationsforiOS8Tests;
			sourceTree = "<group>";
		};
		A5AB1342195B10550062899B /* Supporting Files */ = {
			isa = PBXGroup;
			children = (
				A5AB1343195B10550062899B /* Info.plist */,
			);
			name = "Supporting Files";
			sourceTree = "<group>";
		};
/* End PBXGroup section */

/* Begin PBXNativeTarget section */
		A5AB132B195B10540062899B /* NotificationsforiOS8 */ = {
			isa = PBXNativeTarget;
			buildConfigurationList = A5AB1348195B10550062899B /* Build configuration list for PBXNativeTarget "NotificationsforiOS8" */;
			buildPhases = (
				A5AB1328195B10540062899B /* Sources */,
				A5AB1329195B10540062899B /* Frameworks */,
				A5AB132A195B10540062899B /* Resources */,
			);
			buildRules = (
			);
			dependencies = (
			);
			name = NotificationsforiOS8;
			productName = NotificationsforiOS8;
			productReference = A5AB132C195B10540062899B /* NotificationsforiOS8.app */;
			productType = "com.apple.product-type.application";
		};
		A5AB133D195B10550062899B /* NotificationsforiOS8Tests */ = {
			isa = PBXNativeTarget;
			buildConfigurationList = A5AB134B195B10550062899B /* Build configuration list for PBXNativeTarget "NotificationsforiOS8Tests" */;
			buildPhases = (
				A5AB133A195B10550062899B /* Sources */,
				A5AB133B195B10550062899B /* Frameworks */,
				A5AB133C195B10550062899B /* Resources */,
			);
			buildRules = (
			);
			dependencies = (
				A5AB1340195B10550062899B /* PBXTargetDependency */,
			);
			name = NotificationsforiOS8Tests;
			productName = NotificationsforiOS8Tests;
			productReference = A5AB133E195B10550062899B /* NotificationsforiOS8Tests.xctest */;
			productType = "com.apple.product-type.bundle.unit-test";
		};
/* End PBXNativeTarget section */

/* Begin PBXProject section */
		A5AB1324195B10540062899B /* Project object */ = {
			isa = PBXProject;
			attributes = {
				LastUpgradeCheck = 0600;
				ORGANIZATIONNAME = Cognizant;
				TargetAttributes = {
					A5AB132B195B10540062899B = {
						CreatedOnToolsVersion = 6.0;
					};
					A5AB133D195B10550062899B = {
						CreatedOnToolsVersion = 6.0;
						TestTargetID = A5AB132B195B10540062899B;
					};
				};
			};
			buildConfigurationList = A5AB1327195B10540062899B /* Build configuration list for PBXProject "NotificationsforiOS8" */;
			compatibilityVersion = "Xcode 3.2";
			developmentRegion = English;
			hasScannedForEncodings = 0;
			knownRegions = (
				en,
				Base,
			);
			mainGroup = A5AB1323195B10540062899B;
			productRefGroup = A5AB132D195B10540062899B /* Products */;
			projectDirPath = "";
			projectRoot = "";
			targets = (
				A5AB132B195B10540062899B /* NotificationsforiOS8 */,
				A5AB133D195B10550062899B /* NotificationsforiOS8Tests */,
			);
		};
/* End PBXProject section */

/* Begin PBXResourcesBuildPhase section */
		A5AB132A195B10540062899B /* Resources */ = {
			isa = PBXResourcesBuildPhase;
			buildActionMask = 2147483647;
			files = (
				A5AB1337195B10550062899B /* Main.storyboard in Resources */,
				A5AB1339195B10550062899B /* Images.xcassets in Resources */,
			);
			runOnlyForDeploymentPostprocessing = 0;
		};
		A5AB133C195B10550062899B /* Resources */ = {
			isa = PBXResourcesBuildPhase;
			buildActionMask = 2147483647;
			files = (
			);
			runOnlyForDeploymentPostprocessing = 0;
		};
/* End PBXResourcesBuildPhase section */

/* Begin PBXSourcesBuildPhase section */
		A5AB1328195B10540062899B /* Sources */ = {
			isa = PBXSourcesBuildPhase;
			buildActionMask = 2147483647;
			files = (
				A5AB1334195B10550062899B /* ViewController.swift in Sources */,
				A5AB1332195B10550062899B /* AppDelegate.swift in Sources */,
			);
			runOnlyForDeploymentPostprocessing = 0;
		};
		A5AB133A195B10550062899B /* Sources */ = {
			isa = PBXSourcesBuildPhase;
			buildActionMask = 2147483647;
			files = (
				A5AB1345195B10550062899B /* NotificationsforiOS8Tests.swift in Sources */,
			);
			runOnlyForDeploymentPostprocessing = 0;
		};
/* End PBXSourcesBuildPhase section */

/* Begin PBXTargetDependency section */
		A5AB1340195B10550062899B /* PBXTargetDependency */ = {
			isa = PBXTargetDependency;
			target = A5AB132B195B10540062899B /* NotificationsforiOS8 */;
			targetProxy = A5AB133F195B10550062899B /* PBXContainerItemProxy */;
		};
/* End PBXTargetDependency section */

/* Begin PBXVariantGroup section */
		A5AB1335195B10550062899B /* Main.storyboard */ = {
			isa = PBXVariantGroup;
			children = (
				A5AB1336195B10550062899B /* Base */,
			);
			name = Main.storyboard;
			sourceTree = "<group>";
		};
/* End PBXVariantGroup section */

/* Begin XCBuildConfiguration section */
		A5AB1346195B10550062899B /* Debug */ = {
			isa = XCBuildConfiguration;
			buildSettings = {
				ALWAYS_SEARCH_USER_PATHS = NO;
				CLANG_CXX_LANGUAGE_STANDARD = "gnu++0x";
				CLANG_CXX_LIBRARY = "libc++";
				CLANG_ENABLE_MODULES = YES;
				CLANG_ENABLE_OBJC_ARC = YES;
				CLANG_WARN_BOOL_CONVERSION = YES;
				CLANG_WARN_CONSTANT_CONVERSION = YES;
				CLANG_WARN_DIRECT_OBJC_ISA_USAGE = YES_ERROR;
				CLANG_WARN_EMPTY_BODY = YES;
				CLANG_WARN_ENUM_CONVERSION = YES;
				CLANG_WARN_INT_CONVERSION = YES;
				CLANG_WARN_OBJC_ROOT_CLASS = YES_ERROR;
				CLANG_WARN_UNREACHABLE_CODE = YES;
				CLANG_WARN__DUPLICATE_METHOD_MATCH = YES;
				"CODE_SIGN_IDENTITY[sdk=iphoneos*]" = "iPhone Developer";
				COPY_PHASE_STRIP = NO;
				ENABLE_STRICT_OBJC_MSGSEND = YES;
				GCC_C_LANGUAGE_STANDARD = gnu99;
				GCC_DYNAMIC_NO_PIC = NO;
				GCC_OPTIMIZATION_LEVEL = 0;
				GCC_PREPROCESSOR_DEFINITIONS = (
					"DEBUG=1",
					"$(inherited)",
				);
				GCC_SYMBOLS_PRIVATE_EXTERN = NO;
				GCC_WARN_64_TO_32_BIT_CONVERSION = YES;
				GCC_WARN_ABOUT_RETURN_TYPE = YES_ERROR;
				GCC_WARN_UNDECLARED_SELECTOR = YES;
				GCC_WARN_UNINITIALIZED_AUTOS = YES_AGGRESSIVE;
				GCC_WARN_UNUSED_FUNCTION = YES;
				GCC_WARN_UNUSED_VARIABLE = YES;
				IPHONEOS_DEPLOYMENT_TARGET = 8.0;
				METAL_ENABLE_DEBUG_INFO = YES;
				ONLY_ACTIVE_ARCH = YES;
				SDKROOT = iphoneos;
				SWIFT_OPTIMIZATION_LEVEL = "-Onone";
				TARGETED_DEVICE_FAMILY = "1,2";
			};
			name = Debug;
		};
		A5AB1347195B10550062899B /* Release */ = {
			isa = XCBuildConfiguration;
			buildSettings = {
				ALWAYS_SEARCH_USER_PATHS = NO;
				CLANG_CXX_LANGUAGE_STANDARD = "gnu++0x";
				CLANG_CXX_LIBRARY = "libc++";
				CLANG_ENABLE_MODULES = YES;
				CLANG_ENABLE_OBJC_ARC = YES;
				CLANG_WARN_BOOL_CONVERSION = YES;
				CLANG_WARN_CONSTANT_CONVERSION = YES;
				CLANG_WARN_DIRECT_OBJC_ISA_USAGE = YES_ERROR;
				CLANG_WARN_EMPTY_BODY = YES;
				CLANG_WARN_ENUM_CONVERSION = YES;
				CLANG_WARN_INT_CONVERSION = YES;
				CLANG_WARN_OBJC_ROOT_CLASS = YES_ERROR;
				CLANG_WARN_UNREACHABLE_CODE = YES;
				CLANG_WARN__DUPLICATE_METHOD_MATCH = YES;
				"CODE_SIGN_IDENTITY[sdk=iphoneos*]" = "iPhone Developer";
				COPY_PHASE_STRIP = YES;
				ENABLE_NS_ASSERTIONS = NO;
				ENABLE_STRICT_OBJC_MSGSEND = YES;
				GCC_C_LANGUAGE_STANDARD = gnu99;
				GCC_WARN_64_TO_32_BIT_CONVERSION = YES;
				GCC_WARN_ABOUT_RETURN_TYPE = YES_ERROR;
				GCC_WARN_UNDECLARED_SELECTOR = YES;
				GCC_WARN_UNINITIALIZED_AUTOS = YES_AGGRESSIVE;
				GCC_WARN_UNUSED_FUNCTION = YES;
				GCC_WARN_UNUSED_VARIABLE = YES;
				IPHONEOS_DEPLOYMENT_TARGET = 8.0;
				METAL_ENABLE_DEBUG_INFO = NO;
				SDKROOT = iphoneos;
				TARGETED_DEVICE_FAMILY = "1,2";
				VALIDATE_PRODUCT = YES;
			};
			name = Release;
		};
		A5AB1349195B10550062899B /* Debug */ = {
			isa = XCBuildConfiguration;
			buildSettings = {
				ASSETCATALOG_COMPILER_APPICON_NAME = AppIcon;
				ASSETCATALOG_COMPILER_LAUNCHIMAGE_NAME = LaunchImage;
				INFOPLIST_FILE = NotificationsforiOS8/Info.plist;
				LD_RUNPATH_SEARCH_PATHS = "$(inherited) @executable_path/Frameworks";
				PRODUCT_NAME = "$(TARGET_NAME)";
			};
			name = Debug;
		};
		A5AB134A195B10550062899B /* Release */ = {
			isa = XCBuildConfiguration;
			buildSettings = {
				ASSETCATALOG_COMPILER_APPICON_NAME = AppIcon;
				ASSETCATALOG_COMPILER_LAUNCHIMAGE_NAME = LaunchImage;
				INFOPLIST_FILE = NotificationsforiOS8/Info.plist;
				LD_RUNPATH_SEARCH_PATHS = "$(inherited) @executable_path/Frameworks";
				PRODUCT_NAME = "$(TARGET_NAME)";
			};
			name = Release;
		};
		A5AB134C195B10550062899B /* Debug */ = {
			isa = XCBuildConfiguration;
			buildSettings = {
				BUNDLE_LOADER = "$(BUILT_PRODUCTS_DIR)/NotificationsforiOS8.app/NotificationsforiOS8";
				FRAMEWORK_SEARCH_PATHS = (
					"$(SDKROOT)/Developer/Library/Frameworks",
					"$(inherited)",
				);
				GCC_PREPROCESSOR_DEFINITIONS = (
					"DEBUG=1",
					"$(inherited)",
				);
				INFOPLIST_FILE = NotificationsforiOS8Tests/Info.plist;
				LD_RUNPATH_SEARCH_PATHS = "$(inherited) @executable_path/Frameworks @loader_path/Frameworks";
				METAL_ENABLE_DEBUG_INFO = YES;
				PRODUCT_NAME = "$(TARGET_NAME)";
				TEST_HOST = "$(BUNDLE_LOADER)";
			};
			name = Debug;
		};
		A5AB134D195B10550062899B /* Release */ = {
			isa = XCBuildConfiguration;
			buildSettings = {
				BUNDLE_LOADER = "$(BUILT_PRODUCTS_DIR)/NotificationsforiOS8.app/NotificationsforiOS8";
				FRAMEWORK_SEARCH_PATHS = (
					"$(SDKROOT)/Developer/Library/Frameworks",
					"$(inherited)",
				);
				INFOPLIST_FILE = NotificationsforiOS8Tests/Info.plist;
				LD_RUNPATH_SEARCH_PATHS = "$(inherited) @executable_path/Frameworks @loader_path/Frameworks";
				METAL_ENABLE_DEBUG_INFO = NO;
				PRODUCT_NAME = "$(TARGET_NAME)";
				TEST_HOST = "$(BUNDLE_LOADER)";
			};
			name = Release;
		};
/* End XCBuildConfiguration section */

/* Begin XCConfigurationList section */
		A5AB1327195B10540062899B /* Build configuration list for PBXProject "NotificationsforiOS8" */ = {
			isa = XCConfigurationList;
			buildConfigurations = (
				A5AB1346195B10550062899B /* Debug */,
				A5AB1347195B10550062899B /* Release */,
			);
			defaultConfigurationIsVisible = 0;
			defaultConfigurationName = Release;
		};
		A5AB1348195B10550062899B /* Build configuration list for PBXNativeTarget "NotificationsforiOS8" */ = {
			isa = XCConfigurationList;
			buildConfigurations = (
				A5AB1349195B10550062899B /* Debug */,
				A5AB134A195B10550062899B /* Release */,
			);
			defaultConfigurationIsVisible = 0;
		};
		A5AB134B195B10550062899B /* Build configuration list for PBXNativeTarget "NotificationsforiOS8Tests" */ = {
			isa = XCConfigurationList;
			buildConfigurations = (
				A5AB134C195B10550062899B /* Debug */,
				A5AB134D195B10550062899B /* Release */,
			);
			defaultConfigurationIsVisible = 0;
		};
/* End XCConfigurationList section */
	};
	rootObject = A5AB1324195B10540062899B /* Project object */;
}
